
Microsoft Visual Studio Solution File, Format Version 12.00
# Visual Studio Version 16
VisualStudioVersion = 16.0.30320.27
MinimumVisualStudioVersion = 10.0.40219.1
Project("{FAE04EC0-301F-11D3-BF4B-00C04F79EFBC}") = "qa.manager.host", "qa.manager.host\qa.manager.host.csproj", "{4A6984C9-4774-406B-AA95-73BC29232884}"
EndProject
Project("{FAE04EC0-301F-11D3-BF4B-00C04F79EFBC}") = "qa.manager.data", "qa.manager.data\qa.manager.data.csproj", "{98884086-5DE1-484B-8F9C-1937B859E231}"
EndProject
Project("{FAE04EC0-301F-11D3-BF4B-00C04F79EFBC}") = "qa.manager.impl", "qa.manager.impl\qa.manager.impl.csproj", "{A3296BBD-0B38-4E20-B667-F82FDAAB2431}"
EndProject
Global
	GlobalSection(SolutionConfigurationPlatforms) = preSolution
		Debug|Any CPU = Debug|Any CPU
		Release|Any CPU = Release|Any CPU
	EndGlobalSection
	GlobalSection(ProjectConfigurationPlatforms) = postSolution
		{4A6984C9-4774-406B-AA95-73BC29232884}.Debug|Any CPU.ActiveCfg = Debug|Any CPU
		{4A6984C9-4774-406B-AA95-73BC29232884}.Debug|Any CPU.Build.0 = Debug|Any CPU
		{4A6984C9-4774-406B-AA95-73BC29232884}.Release|Any CPU.ActiveCfg = Release|Any CPU
		{4A6984C9-4774-406B-AA95-73BC29232884}.Release|Any CPU.Build.0 = Release|Any CPU
		{98884086-5DE1-484B-8F9C-1937B859E231}.Debug|Any CPU.ActiveCfg = Debug|Any CPU
		{98884086-5DE1-484B-8F9C-1937B859E231}.Debug|Any CPU.Build.0 = Debug|Any CPU
		{98884086-5DE1-484B-8F9C-1937B859E231}.Release|Any CPU.ActiveCfg = Release|Any CPU
		{98884086-5DE1-484B-8F9C-1937B859E231}.Release|Any CPU.Build.0 = Release|Any CPU
		{A3296BBD-0B38-4E20-B667-F82FDAAB2431}.Debug|Any CPU.ActiveCfg = Debug|Any CPU
		{A3296BBD-0B38-4E20-B667-F82FDAAB2431}.Debug|Any CPU.Build.0 = Debug|Any CPU
		{A3296BBD-0B38-4E20-B667-F82FDAAB2431}.Release|Any CPU.ActiveCfg = Release|Any CPU
		{A3296BBD-0B38-4E20-B667-F82FDAAB2431}.Release|Any CPU.Build.0 = Release|Any CPU
	EndGlobalSection
	GlobalSection(SolutionProperties) = preSolution
		HideSolutionNode = FALSE
	EndGlobalSection
	GlobalSection(ExtensibilityGlobals) = postSolution
		SolutionGuid = {9EDB3A1C-1B0B-4324-BDB0-3DEDC4D9F207}
	EndGlobalSection
EndGlobal
